
Microsoft Visual Studio Solution File, Format Version 12.00
# Visual Studio Version 17
VisualStudioVersion = 17.4.33213.308
MinimumVisualStudioVersion = 10.0.40219.1
Project("{FAE04EC0-301F-11D3-BF4B-00C04F79EFBC}") = "SingletonDemo", "SingletonDemo\SingletonDemo.csproj", "{9C3059D4-42F8-4D6E-B4E7-69E2773D2C39}"
EndProject
Global
	GlobalSection(SolutionConfigurationPlatforms) = preSolution
		Debug|Any CPU = Debug|Any CPU
		Release|Any CPU = Release|Any CPU
	EndGlobalSection
	GlobalSection(ProjectConfigurationPlatforms) = postSolution
		{9C3059D4-42F8-4D6E-B4E7-69E2773D2C39}.Debug|Any CPU.ActiveCfg = Debug|Any CPU
		{9C3059D4-42F8-4D6E-B4E7-69E2773D2C39}.Debug|Any CPU.Build.0 = Debug|Any CPU
		{9C3059D4-42F8-4D6E-B4E7-69E2773D2C39}.Release|Any CPU.ActiveCfg = Release|Any CPU
		{9C3059D4-42F8-4D6E-B4E7-69E2773D2C39}.Release|Any CPU.Build.0 = Release|Any CPU
	EndGlobalSection
	GlobalSection(SolutionProperties) = preSolution
		HideSolutionNode = FALSE
	EndGlobalSection
	GlobalSection(ExtensibilityGlobals) = postSolution
		SolutionGuid = {EFDE7531-570D-432D-A8E9-4A6F922A8997}
	EndGlobalSection
EndGlobal
